
Microsoft Visual Studio Solution File, Format Version 12.00
# Visual Studio 14
VisualStudioVersion = 14.0.25420.1
MinimumVisualStudioVersion = 10.0.40219.1
Project("{FAE04EC0-301F-11D3-BF4B-00C04F79EFBC}") = "MarvelEditTool", "MarvelEditTool\MarvelEditTool.csproj", "{BF0A5BD7-8B21-407F-A975-2C5679B3E259}"
EndProject
Project("{FAE04EC0-301F-11D3-BF4B-00C04F79EFBC}") = "MarvelData", "MarvelData\MarvelData.csproj", "{836AAC23-5EEE-440D-A559-7AA9A2CA1744}"
EndProject
Global
	GlobalSection(SolutionConfigurationPlatforms) = preSolution
		Debug|Any CPU = Debug|Any CPU
		Release|Any CPU = Release|Any CPU
	EndGlobalSection
	GlobalSection(ProjectConfigurationPlatforms) = postSolution
		{BF0A5BD7-8B21-407F-A975-2C5679B3E259}.Debug|Any CPU.ActiveCfg = Debug|Any CPU
		{BF0A5BD7-8B21-407F-A975-2C5679B3E259}.Debug|Any CPU.Build.0 = Debug|Any CPU
		{BF0A5BD7-8B21-407F-A975-2C5679B3E259}.Release|Any CPU.ActiveCfg = Release|Any CPU
		{BF0A5BD7-8B21-407F-A975-2C5679B3E259}.Release|Any CPU.Build.0 = Release|Any CPU
		{836AAC23-5EEE-440D-A559-7AA9A2CA1744}.Debug|Any CPU.ActiveCfg = Debug|Any CPU
		{836AAC23-5EEE-440D-A559-7AA9A2CA1744}.Debug|Any CPU.Build.0 = Debug|Any CPU
		{836AAC23-5EEE-440D-A559-7AA9A2CA1744}.Release|Any CPU.ActiveCfg = Release|Any CPU
		{836AAC23-5EEE-440D-A559-7AA9A2CA1744}.Release|Any CPU.Build.0 = Release|Any CPU
	EndGlobalSection
	GlobalSection(SolutionProperties) = preSolution
		HideSolutionNode = FALSE
	EndGlobalSection
EndGlobal
